{
    "version": 3,
    "terraform_version": "0.11.1",
    "serial": 36,
    "lineage": "5f112a20-b957-4139-a0f2-e3e344bd9040",
    "modules": [
        {
            "path": [
                "root"
            ],
            "outputs": {
                "ssh_config": {
                    "sensitive": false,
                    "type": "string",
                    "value": "Host aws-vpn\n  Hostname ec2-18-220-247-193.us-east-2.compute.amazonaws.com\n  User ec2-user\n  StrictHostKeyChecking no\n  IdentityFile ~/.ssh/aws-vpn/aws-vpn-keys.pem\n  "
                }
            },
            "resources": {
                "aws_instance.aws-vpn-ec2": {
                    "type": "aws_instance",
                    "depends_on": [
                        "aws_security_group.aws-vpn-sg",
                        "aws_subnet.aws-vpn-subnet"
                    ],
                    "primary": {
                        "id": "i-05ba32cd3f866a6b9",
                        "attributes": {
                            "ami": "ami-cfdafaaa",
                            "associate_public_ip_address": "true",
                            "availability_zone": "us-east-2a",
                            "disable_api_termination": "false",
                            "ebs_block_device.#": "0",
                            "ebs_optimized": "false",
                            "ephemeral_block_device.#": "0",
                            "iam_instance_profile": "",
                            "id": "i-05ba32cd3f866a6b9",
                            "instance_state": "running",
                            "instance_type": "t2.micro",
                            "ipv6_addresses.#": "0",
                            "key_name": "aws-vpn-keys",
                            "monitoring": "false",
                            "network_interface.#": "0",
                            "network_interface_id": "eni-af06cbf1",
                            "primary_network_interface_id": "eni-af06cbf1",
                            "private_dns": "ip-10-0-0-30.us-east-2.compute.internal",
                            "private_ip": "10.0.0.30",
                            "public_dns": "ec2-18-220-247-193.us-east-2.compute.amazonaws.com",
                            "public_ip": "18.220.247.193",
                            "root_block_device.#": "1",
                            "root_block_device.0.delete_on_termination": "true",
                            "root_block_device.0.iops": "100",
                            "root_block_device.0.volume_size": "10",
                            "root_block_device.0.volume_type": "gp2",
                            "security_groups.#": "0",
                            "source_dest_check": "true",
                            "subnet_id": "subnet-28994a40",
                            "tags.%": "2",
                            "tags.Name": "aws-vpn-ec2",
                            "tags.Project": "aws-vpn",
                            "tenancy": "default",
                            "volume_tags.%": "0",
                            "vpc_security_group_ids.#": "1",
                            "vpc_security_group_ids.2185885553": "sg-8d8664e6"
                        },
                        "meta": {
                            "e2bfb730-ecaa-11e6-8f88-34363bc7c4c0": {
                                "create": 600000000000,
                                "delete": 600000000000,
                                "update": 600000000000
                            },
                            "schema_version": "1"
                        },
                        "tainted": false
                    },
                    "deposed": [],
                    "provider": "provider.aws"
                },
                "aws_internet_gateway.aws-vpn-vpc-igw": {
                    "type": "aws_internet_gateway",
                    "depends_on": [
                        "aws_vpc.aws-vpn-vpc"
                    ],
                    "primary": {
                        "id": "igw-d2ab9ebb",
                        "attributes": {
                            "id": "igw-d2ab9ebb",
                            "tags.%": "2",
                            "tags.Name": "aws-vpn-vps-igw",
                            "tags.Project": "aws-vpn",
                            "vpc_id": "vpc-6377bf0b"
                        },
                        "meta": {},
                        "tainted": false
                    },
                    "deposed": [],
                    "provider": "provider.aws"
                },
                "aws_route_table.aws-vpn-public-rt": {
                    "type": "aws_route_table",
                    "depends_on": [
                        "aws_internet_gateway.aws-vpn-vpc-igw",
                        "aws_vpc.aws-vpn-vpc"
                    ],
                    "primary": {
                        "id": "rtb-d542fcbd",
                        "attributes": {
                            "id": "rtb-d542fcbd",
                            "propagating_vgws.#": "0",
                            "route.#": "1",
                            "route.3758089233.cidr_block": "0.0.0.0/0",
                            "route.3758089233.egress_only_gateway_id": "",
                            "route.3758089233.gateway_id": "igw-d2ab9ebb",
                            "route.3758089233.instance_id": "",
                            "route.3758089233.ipv6_cidr_block": "",
                            "route.3758089233.nat_gateway_id": "",
                            "route.3758089233.network_interface_id": "",
                            "route.3758089233.vpc_peering_connection_id": "",
                            "tags.%": "2",
                            "tags.Name": "aws-vpn-rt",
                            "tags.Project": "aws-vpn",
                            "vpc_id": "vpc-6377bf0b"
                        },
                        "meta": {},
                        "tainted": false
                    },
                    "deposed": [],
                    "provider": "provider.aws"
                },
                "aws_route_table_association.aws-vpn-public-rt-association": {
                    "type": "aws_route_table_association",
                    "depends_on": [
                        "aws_route_table.aws-vpn-public-rt",
                        "aws_subnet.aws-vpn-subnet"
                    ],
                    "primary": {
                        "id": "rtbassoc-900d3af8",
                        "attributes": {
                            "id": "rtbassoc-900d3af8",
                            "route_table_id": "rtb-d542fcbd",
                            "subnet_id": "subnet-28994a40"
                        },
                        "meta": {},
                        "tainted": false
                    },
                    "deposed": [],
                    "provider": "provider.aws"
                },
                "aws_security_group.aws-vpn-sg": {
                    "type": "aws_security_group",
                    "depends_on": [
                        "aws_vpc.aws-vpn-vpc"
                    ],
                    "primary": {
                        "id": "sg-8d8664e6",
                        "attributes": {
                            "description": "Group for VPN",
                            "egress.#": "1",
                            "egress.482069346.cidr_blocks.#": "1",
                            "egress.482069346.cidr_blocks.0": "0.0.0.0/0",
                            "egress.482069346.description": "",
                            "egress.482069346.from_port": "0",
                            "egress.482069346.ipv6_cidr_blocks.#": "0",
                            "egress.482069346.prefix_list_ids.#": "0",
                            "egress.482069346.protocol": "-1",
                            "egress.482069346.security_groups.#": "0",
                            "egress.482069346.self": "false",
                            "egress.482069346.to_port": "0",
                            "id": "sg-8d8664e6",
                            "ingress.#": "1",
                            "ingress.3860865074.cidr_blocks.#": "2",
                            "ingress.3860865074.cidr_blocks.0": "91.222.71.98/32",
                            "ingress.3860865074.cidr_blocks.1": "195.89.171.5/32",
                            "ingress.3860865074.description": "",
                            "ingress.3860865074.from_port": "22",
                            "ingress.3860865074.ipv6_cidr_blocks.#": "0",
                            "ingress.3860865074.protocol": "tcp",
                            "ingress.3860865074.security_groups.#": "0",
                            "ingress.3860865074.self": "false",
                            "ingress.3860865074.to_port": "22",
                            "name": "aws-vpn-sg",
                            "owner_id": "828123512128",
                            "revoke_rules_on_delete": "false",
                            "tags.%": "2",
                            "tags.Name": "aws-vpn-sg",
                            "tags.Project": "aws-vpn",
                            "vpc_id": "vpc-6377bf0b"
                        },
                        "meta": {
                            "schema_version": "1"
                        },
                        "tainted": false
                    },
                    "deposed": [],
                    "provider": "provider.aws"
                },
                "aws_subnet.aws-vpn-subnet": {
                    "type": "aws_subnet",
                    "depends_on": [
                        "aws_vpc.aws-vpn-vpc"
                    ],
                    "primary": {
                        "id": "subnet-28994a40",
                        "attributes": {
                            "assign_ipv6_address_on_creation": "false",
                            "availability_zone": "us-east-2a",
                            "cidr_block": "10.0.0.0/26",
                            "id": "subnet-28994a40",
                            "map_public_ip_on_launch": "true",
                            "tags.%": "0",
                            "vpc_id": "vpc-6377bf0b"
                        },
                        "meta": {
                            "schema_version": "1"
                        },
                        "tainted": false
                    },
                    "deposed": [],
                    "provider": "provider.aws"
                },
                "aws_vpc.aws-vpn-vpc": {
                    "type": "aws_vpc",
                    "depends_on": [],
                    "primary": {
                        "id": "vpc-6377bf0b",
                        "attributes": {
                            "assign_generated_ipv6_cidr_block": "false",
                            "cidr_block": "10.0.0.0/16",
                            "default_network_acl_id": "acl-ea298482",
                            "default_route_table_id": "rtb-5445fb3c",
                            "default_security_group_id": "sg-8a8567e1",
                            "dhcp_options_id": "dopt-cd2736a4",
                            "enable_dns_hostnames": "true",
                            "enable_dns_support": "true",
                            "id": "vpc-6377bf0b",
                            "instance_tenancy": "default",
                            "main_route_table_id": "rtb-5445fb3c",
                            "tags.%": "2",
                            "tags.Name": "aws-vpn-vpc",
                            "tags.Project": "aws-vpn"
                        },
                        "meta": {
                            "schema_version": "1"
                        },
                        "tainted": false
                    },
                    "deposed": [],
                    "provider": "provider.aws"
                },
                "template_file.ssh_config": {
                    "type": "template_file",
                    "depends_on": [
                        "aws_instance.aws-vpn-ec2"
                    ],
                    "primary": {
                        "id": "7a96f4ee6969d815869d91ac7eb0743481eb31400416907077802cbcaff6b9dc",
                        "attributes": {
                            "id": "7a96f4ee6969d815869d91ac7eb0743481eb31400416907077802cbcaff6b9dc",
                            "rendered": "Host aws-vpn\n  Hostname ec2-18-220-247-193.us-east-2.compute.amazonaws.com\n  User ec2-user\n  StrictHostKeyChecking no\n  IdentityFile ~/.ssh/aws-vpn/aws-vpn-keys.pem\n  ",
                            "template": "Host aws-vpn\n  Hostname ${host_dns}\n  User ec2-user\n  StrictHostKeyChecking no\n  IdentityFile ~/.ssh/aws-vpn/aws-vpn-keys.pem\n  ",
                            "vars.%": "2",
                            "vars.host_dns": "ec2-18-220-247-193.us-east-2.compute.amazonaws.com",
                            "vars.host_ip": "18.220.247.193"
                        },
                        "meta": {},
                        "tainted": false
                    },
                    "deposed": [],
                    "provider": "provider.template"
                }
            },
            "depends_on": []
        }
    ]
}
