{
    "version": 3,
    "terraform_version": "0.10.8",
    "serial": 5,
    "lineage": "5f112a20-b957-4139-a0f2-e3e344bd9040",
    "modules": [
        {
            "path": [
                "root"
            ],
            "outputs": {},
            "resources": {
                "aws_internet_gateway.aws-vpn-vpc-igw": {
                    "type": "aws_internet_gateway",
                    "depends_on": [
                        "aws_vpc.aws-vpn-vpc"
                    ],
                    "primary": {
                        "id": "igw-07c8946e",
                        "attributes": {
                            "id": "igw-07c8946e",
                            "tags.%": "2",
                            "tags.Name": "aws-vpn-vps-igw",
                            "tags.Project": "aws-vpn",
                            "vpc_id": "vpc-98d33df0"
                        },
                        "meta": {},
                        "tainted": false
                    },
                    "deposed": [],
                    "provider": ""
                },
                "aws_vpc.aws-vpn-vpc": {
                    "type": "aws_vpc",
                    "depends_on": [],
                    "primary": {
                        "id": "vpc-98d33df0",
                        "attributes": {
                            "assign_generated_ipv6_cidr_block": "false",
                            "cidr_block": "10.0.0.0/16",
                            "default_network_acl_id": "acl-094b8c61",
                            "default_route_table_id": "rtb-ab4793c3",
                            "default_security_group_id": "sg-7b702b13",
                            "dhcp_options_id": "dopt-cd2736a4",
                            "enable_dns_hostnames": "true",
                            "enable_dns_support": "true",
                            "id": "vpc-98d33df0",
                            "instance_tenancy": "default",
                            "main_route_table_id": "rtb-ab4793c3",
                            "tags.%": "2",
                            "tags.Name": "aws-vpn-vpc",
                            "tags.Project": "aws-vpn"
                        },
                        "meta": {
                            "schema_version": "1"
                        },
                        "tainted": false
                    },
                    "deposed": [],
                    "provider": ""
                }
            },
            "depends_on": []
        }
    ]
}
